
Microsoft Visual Studio Solution File, Format Version 12.00
# Visual Studio Version 16
VisualStudioVersion = 16.0.30711.63
MinimumVisualStudioVersion = 10.0.40219.1
Project("{FAE04EC0-301F-11D3-BF4B-00C04F79EFBC}") = "OrdersBot", "OrdersBot\OrdersBot.csproj", "{0545607D-EB0E-4585-B1FF-B79DEAEE58E7}"
EndProject
Global
	GlobalSection(SolutionConfigurationPlatforms) = preSolution
		Debug|Any CPU = Debug|Any CPU
		Release|Any CPU = Release|Any CPU
	EndGlobalSection
	GlobalSection(ProjectConfigurationPlatforms) = postSolution
		{0545607D-EB0E-4585-B1FF-B79DEAEE58E7}.Debug|Any CPU.ActiveCfg = Debug|Any CPU
		{0545607D-EB0E-4585-B1FF-B79DEAEE58E7}.Debug|Any CPU.Build.0 = Debug|Any CPU
		{0545607D-EB0E-4585-B1FF-B79DEAEE58E7}.Release|Any CPU.ActiveCfg = Release|Any CPU
		{0545607D-EB0E-4585-B1FF-B79DEAEE58E7}.Release|Any CPU.Build.0 = Release|Any CPU
	EndGlobalSection
	GlobalSection(SolutionProperties) = preSolution
		HideSolutionNode = FALSE
	EndGlobalSection
	GlobalSection(ExtensibilityGlobals) = postSolution
		SolutionGuid = {B9840441-7026-4056-9621-0ABD1231B313}
	EndGlobalSection
EndGlobal
